
Microsoft Visual Studio Solution File, Format Version 12.00
# Visual Studio Version 16
VisualStudioVersion = 16.0.32510.428
MinimumVisualStudioVersion = 10.0.40219.1
Project("{FAE04EC0-301F-11D3-BF4B-00C04F79EFBC}") = "MvcRazorLabb", "MvcRazorLabb\MvcRazorLabb.csproj", "{BEA3064F-0510-4445-9AAD-E7BB72A76A9C}"
EndProject
Global
	GlobalSection(SolutionConfigurationPlatforms) = preSolution
		Debug|Any CPU = Debug|Any CPU
		Release|Any CPU = Release|Any CPU
	EndGlobalSection
	GlobalSection(ProjectConfigurationPlatforms) = postSolution
		{BEA3064F-0510-4445-9AAD-E7BB72A76A9C}.Debug|Any CPU.ActiveCfg = Debug|Any CPU
		{BEA3064F-0510-4445-9AAD-E7BB72A76A9C}.Debug|Any CPU.Build.0 = Debug|Any CPU
		{BEA3064F-0510-4445-9AAD-E7BB72A76A9C}.Release|Any CPU.ActiveCfg = Release|Any CPU
		{BEA3064F-0510-4445-9AAD-E7BB72A76A9C}.Release|Any CPU.Build.0 = Release|Any CPU
	EndGlobalSection
	GlobalSection(SolutionProperties) = preSolution
		HideSolutionNode = FALSE
	EndGlobalSection
	GlobalSection(ExtensibilityGlobals) = postSolution
		SolutionGuid = {51F95D45-AECF-422E-845E-9FA3B324F526}
	EndGlobalSection
EndGlobal
